
Microsoft Visual Studio Solution File, Format Version 12.00
# Visual Studio Version 17
VisualStudioVersion = 17.5.33530.505
MinimumVisualStudioVersion = 10.0.40219.1
Project("{FAE04EC0-301F-11D3-BF4B-00C04F79EFBC}") = "Library", "Library\Library.csproj", "{90BA644E-BDC4-4FE5-BFC6-C2240553D221}"
EndProject
Global
	GlobalSection(SolutionConfigurationPlatforms) = preSolution
		Debug|Any CPU = Debug|Any CPU
		Release|Any CPU = Release|Any CPU
	EndGlobalSection
	GlobalSection(ProjectConfigurationPlatforms) = postSolution
		{90BA644E-BDC4-4FE5-BFC6-C2240553D221}.Debug|Any CPU.ActiveCfg = Debug|Any CPU
		{90BA644E-BDC4-4FE5-BFC6-C2240553D221}.Debug|Any CPU.Build.0 = Debug|Any CPU
		{90BA644E-BDC4-4FE5-BFC6-C2240553D221}.Release|Any CPU.ActiveCfg = Release|Any CPU
		{90BA644E-BDC4-4FE5-BFC6-C2240553D221}.Release|Any CPU.Build.0 = Release|Any CPU
	EndGlobalSection
	GlobalSection(SolutionProperties) = preSolution
		HideSolutionNode = FALSE
	EndGlobalSection
	GlobalSection(ExtensibilityGlobals) = postSolution
		SolutionGuid = {AFFD2FF8-7461-4CB5-A206-AE0F0662C6A6}
	EndGlobalSection
EndGlobal
